
Microsoft Visual Studio Solution File, Format Version 12.00
# Visual Studio Version 16
VisualStudioVersion = 16.0.30907.101
MinimumVisualStudioVersion = 10.0.40219.1
Project("{FAE04EC0-301F-11D3-BF4B-00C04F79EFBC}") = "Capstone API V2", "Capstone API V2\Capstone API V2.csproj", "{C70FB2C9-F1B4-474A-BB35-E54D44DD8663}"
EndProject
Global
	GlobalSection(SolutionConfigurationPlatforms) = preSolution
		Debug|Any CPU = Debug|Any CPU
		Release|Any CPU = Release|Any CPU
	EndGlobalSection
	GlobalSection(ProjectConfigurationPlatforms) = postSolution
		{C70FB2C9-F1B4-474A-BB35-E54D44DD8663}.Debug|Any CPU.ActiveCfg = Debug|Any CPU
		{C70FB2C9-F1B4-474A-BB35-E54D44DD8663}.Debug|Any CPU.Build.0 = Debug|Any CPU
		{C70FB2C9-F1B4-474A-BB35-E54D44DD8663}.Release|Any CPU.ActiveCfg = Release|Any CPU
		{C70FB2C9-F1B4-474A-BB35-E54D44DD8663}.Release|Any CPU.Build.0 = Release|Any CPU
	EndGlobalSection
	GlobalSection(SolutionProperties) = preSolution
		HideSolutionNode = FALSE
	EndGlobalSection
	GlobalSection(ExtensibilityGlobals) = postSolution
		SolutionGuid = {487B933A-6F2A-4E05-B0A6-D22AE5CC4D97}
	EndGlobalSection
EndGlobal
